{
  "name": "hugo-protector",
  "version": "0.1.0",
  "lockfileVersion": 3,
  "requires": true,
  "packages": {
    "": {
      "name": "hugo-protector",
      "version": "0.1.0",
      "license": "MIT",
      "bin": {
        "hugo-protector": "bin/hugo-protector.js"
      },
      "engines": {
        "node": ">=18"
      }
    }
  }
}
